
Microsoft Visual Studio Solution File, Format Version 12.00
# Visual Studio Version 16
VisualStudioVersion = 25.0.1706.11
MinimumVisualStudioVersion = 10.0.40219.1
Project("{FAE04EC0-301F-11D3-BF4B-00C04F79EFBC}") = "businessledgerapi", "businessledgerapi.csproj", "{32525D6B-6EE4-4D93-AA0F-7F18BE3D504E}"
EndProject
Global
	GlobalSection(SolutionConfigurationPlatforms) = preSolution
		Debug|Any CPU = Debug|Any CPU
		Release|Any CPU = Release|Any CPU
	EndGlobalSection
	GlobalSection(ProjectConfigurationPlatforms) = postSolution
		{32525D6B-6EE4-4D93-AA0F-7F18BE3D504E}.Debug|Any CPU.ActiveCfg = Debug|Any CPU
		{32525D6B-6EE4-4D93-AA0F-7F18BE3D504E}.Debug|Any CPU.Build.0 = Debug|Any CPU
		{32525D6B-6EE4-4D93-AA0F-7F18BE3D504E}.Release|Any CPU.ActiveCfg = Release|Any CPU
		{32525D6B-6EE4-4D93-AA0F-7F18BE3D504E}.Release|Any CPU.Build.0 = Release|Any CPU
	EndGlobalSection
	GlobalSection(SolutionProperties) = preSolution
		HideSolutionNode = FALSE
	EndGlobalSection
	GlobalSection(ExtensibilityGlobals) = postSolution
		SolutionGuid = {C25911E3-9908-4C10-A763-0488649DDE96}
	EndGlobalSection
EndGlobal
